
Microsoft Visual Studio Solution File, Format Version 12.00
# Visual Studio Version 16
VisualStudioVersion = 16.0.30517.126
MinimumVisualStudioVersion = 10.0.40219.1
Project("{FAE04EC0-301F-11D3-BF4B-00C04F79EFBC}") = "rating-review-example", "rating-review-example\rating-review-example.csproj", "{D097ED7B-29D1-4508-8570-129578460C69}"
EndProject
Project("{FAE04EC0-301F-11D3-BF4B-00C04F79EFBC}") = "rating-review-example.Tests", "rating-review-example.Tests\rating-review-example.Tests.csproj", "{C172092D-1035-47A0-AC8D-D2A1660CD2F6}"
EndProject
Global
	GlobalSection(SolutionConfigurationPlatforms) = preSolution
		Debug|Any CPU = Debug|Any CPU
		Release|Any CPU = Release|Any CPU
	EndGlobalSection
	GlobalSection(ProjectConfigurationPlatforms) = postSolution
		{D097ED7B-29D1-4508-8570-129578460C69}.Debug|Any CPU.ActiveCfg = Debug|Any CPU
		{D097ED7B-29D1-4508-8570-129578460C69}.Debug|Any CPU.Build.0 = Debug|Any CPU
		{D097ED7B-29D1-4508-8570-129578460C69}.Release|Any CPU.ActiveCfg = Release|Any CPU
		{D097ED7B-29D1-4508-8570-129578460C69}.Release|Any CPU.Build.0 = Release|Any CPU
		{C172092D-1035-47A0-AC8D-D2A1660CD2F6}.Debug|Any CPU.ActiveCfg = Debug|Any CPU
		{C172092D-1035-47A0-AC8D-D2A1660CD2F6}.Debug|Any CPU.Build.0 = Debug|Any CPU
		{C172092D-1035-47A0-AC8D-D2A1660CD2F6}.Release|Any CPU.ActiveCfg = Release|Any CPU
		{C172092D-1035-47A0-AC8D-D2A1660CD2F6}.Release|Any CPU.Build.0 = Release|Any CPU
	EndGlobalSection
	GlobalSection(SolutionProperties) = preSolution
		HideSolutionNode = FALSE
	EndGlobalSection
	GlobalSection(ExtensibilityGlobals) = postSolution
		SolutionGuid = {22598D34-19D5-464F-A9F9-EF8191F334D6}
	EndGlobalSection
EndGlobal
